
Microsoft Visual Studio Solution File, Format Version 12.00
# Visual Studio 2013
VisualStudioVersion = 12.0.40629.0
MinimumVisualStudioVersion = 10.0.40219.1
Project("{FAE04EC0-301F-11D3-BF4B-00C04F79EFBC}") = "GameJoltAPI", "GameJoltAPI\GameJoltAPI.csproj", "{4AA9B70A-E79D-4796-AA4F-84D9959ED266}"
EndProject
Project("{FAE04EC0-301F-11D3-BF4B-00C04F79EFBC}") = "apitest", "apitest\apitest.csproj", "{A48186E0-5A73-45DA-982B-1DAA67161917}"
EndProject
Global
	GlobalSection(SolutionConfigurationPlatforms) = preSolution
		Debug|Any CPU = Debug|Any CPU
		Release|Any CPU = Release|Any CPU
	EndGlobalSection
	GlobalSection(ProjectConfigurationPlatforms) = postSolution
		{4AA9B70A-E79D-4796-AA4F-84D9959ED266}.Debug|Any CPU.ActiveCfg = Debug|Any CPU
		{4AA9B70A-E79D-4796-AA4F-84D9959ED266}.Debug|Any CPU.Build.0 = Debug|Any CPU
		{4AA9B70A-E79D-4796-AA4F-84D9959ED266}.Release|Any CPU.ActiveCfg = Release|Any CPU
		{4AA9B70A-E79D-4796-AA4F-84D9959ED266}.Release|Any CPU.Build.0 = Release|Any CPU
		{A48186E0-5A73-45DA-982B-1DAA67161917}.Debug|Any CPU.ActiveCfg = Debug|Any CPU
		{A48186E0-5A73-45DA-982B-1DAA67161917}.Debug|Any CPU.Build.0 = Debug|Any CPU
		{A48186E0-5A73-45DA-982B-1DAA67161917}.Release|Any CPU.ActiveCfg = Release|Any CPU
		{A48186E0-5A73-45DA-982B-1DAA67161917}.Release|Any CPU.Build.0 = Release|Any CPU
	EndGlobalSection
	GlobalSection(SolutionProperties) = preSolution
		HideSolutionNode = FALSE
	EndGlobalSection
EndGlobal
